// !$*UTF8*$!
{
	archiveVersion = 1;
	classes = {
	};
	objectVersion = 46;
	objects = {

/* Begin PBXBuildFile section */
		A304E3A01D6D09E60075EA31 /* AppDelegate.swift in Sources */ = {isa = PBXBuildFile; fileRef = A304E39F1D6D09E60075EA31 /* AppDelegate.swift */; };
		A304E3A21D6D09E60075EA31 /* ViewController.swift in Sources */ = {isa = PBXBuildFile; fileRef = A304E3A11D6D09E60075EA31 /* ViewController.swift */; };
		A304E3A51D6D09E60075EA31 /* Main.storyboard in Resources */ = {isa = PBXBuildFile; fileRef = A304E3A31D6D09E60075EA31 /* Main.storyboard */; };
		A304E3A71D6D09E60075EA31 /* Assets.xcassets in Resources */ = {isa = PBXBuildFile; fileRef = A304E3A61D6D09E60075EA31 /* Assets.xcassets */; };
		A304E3AA1D6D09E60075EA31 /* LaunchScreen.storyboard in Resources */ = {isa = PBXBuildFile; fileRef = A304E3A81D6D09E60075EA31 /* LaunchScreen.storyboard */; };
		A304E3B21D6D0E6E0075EA31 /* UIButton_Border.swift in Sources */ = {isa = PBXBuildFile; fileRef = A304E3B11D6D0E6E0075EA31 /* UIButton_Border.swift */; };
		A304E3B41D6D17DB0075EA31 /* TamanoViewController.swift in Sources */ = {isa = PBXBuildFile; fileRef = A304E3B31D6D17DB0075EA31 /* TamanoViewController.swift */; };
		A304E3B61D6D17E70075EA31 /* MasaViewController.swift in Sources */ = {isa = PBXBuildFile; fileRef = A304E3B51D6D17E70075EA31 /* MasaViewController.swift */; };
		A304E3B81D6D17F60075EA31 /* QuesoViewController.swift in Sources */ = {isa = PBXBuildFile; fileRef = A304E3B71D6D17F60075EA31 /* QuesoViewController.swift */; };
		A304E3BA1D6D18020075EA31 /* IngredientesViewController.swift in Sources */ = {isa = PBXBuildFile; fileRef = A304E3B91D6D18020075EA31 /* IngredientesViewController.swift */; };
		A304E3BC1D6DEBCF0075EA31 /* TerminarViewController.swift in Sources */ = {isa = PBXBuildFile; fileRef = A304E3BB1D6DEBCF0075EA31 /* TerminarViewController.swift */; };
		A304E3C41D6E53F70075EA31 /* UIViewController+Alert.swift in Sources */ = {isa = PBXBuildFile; fileRef = A304E3C31D6E53F70075EA31 /* UIViewController+Alert.swift */; };
/* End PBXBuildFile section */

/* Begin PBXFileReference section */
		A304E39C1D6D09E60075EA31 /* PizzaCreator.app */ = {isa = PBXFileReference; explicitFileType = wrapper.application; includeInIndex = 0; path = PizzaCreator.app; sourceTree = BUILT_PRODUCTS_DIR; };
		A304E39F1D6D09E60075EA31 /* AppDelegate.swift */ = {isa = PBXFileReference; lastKnownFileType = sourcecode.swift; path = AppDelegate.swift; sourceTree = "<group>"; };
		A304E3A11D6D09E60075EA31 /* ViewController.swift */ = {isa = PBXFileReference; lastKnownFileType = sourcecode.swift; path = ViewController.swift; sourceTree = "<group>"; };
		A304E3A41D6D09E60075EA31 /* Base */ = {isa = PBXFileReference; lastKnownFileType = file.storyboard; name = Base; path = Base.lproj/Main.storyboard; sourceTree = "<group>"; };
		A304E3A61D6D09E60075EA31 /* Assets.xcassets */ = {isa = PBXFileReference; lastKnownFileType = folder.assetcatalog; path = Assets.xcassets; sourceTree = "<group>"; };
		A304E3A91D6D09E60075EA31 /* Base */ = {isa = PBXFileReference; lastKnownFileType = file.storyboard; name = Base; path = Base.lproj/LaunchScreen.storyboard; sourceTree = "<group>"; };
		A304E3AB1D6D09E60075EA31 /* Info.plist */ = {isa = PBXFileReference; lastKnownFileType = text.plist.xml; path = Info.plist; sourceTree = "<group>"; };
		A304E3B11D6D0E6E0075EA31 /* UIButton_Border.swift */ = {isa = PBXFileReference; fileEncoding = 4; lastKnownFileType = sourcecode.swift; path = UIButton_Border.swift; sourceTree = "<group>"; };
		A304E3B31D6D17DB0075EA31 /* TamanoViewController.swift */ = {isa = PBXFileReference; fileEncoding = 4; lastKnownFileType = sourcecode.swift; path = TamanoViewController.swift; sourceTree = "<group>"; };
		A304E3B51D6D17E70075EA31 /* MasaViewController.swift */ = {isa = PBXFileReference; fileEncoding = 4; lastKnownFileType = sourcecode.swift; path = MasaViewController.swift; sourceTree = "<group>"; };
		A304E3B71D6D17F60075EA31 /* QuesoViewController.swift */ = {isa = PBXFileReference; fileEncoding = 4; lastKnownFileType = sourcecode.swift; path = QuesoViewController.swift; sourceTree = "<group>"; };
		A304E3B91D6D18020075EA31 /* IngredientesViewController.swift */ = {isa = PBXFileReference; fileEncoding = 4; lastKnownFileType = sourcecode.swift; path = IngredientesViewController.swift; sourceTree = "<group>"; };
		A304E3BB1D6DEBCF0075EA31 /* TerminarViewController.swift */ = {isa = PBXFileReference; fileEncoding = 4; lastKnownFileType = sourcecode.swift; path = TerminarViewController.swift; sourceTree = "<group>"; };
		A304E3C31D6E53F70075EA31 /* UIViewController+Alert.swift */ = {isa = PBXFileReference; fileEncoding = 4; lastKnownFileType = sourcecode.swift; path = "UIViewController+Alert.swift"; sourceTree = "<group>"; };
/* End PBXFileReference section */

/* Begin PBXFrameworksBuildPhase section */
		A304E3991D6D09E60075EA31 /* Frameworks */ = {
			isa = PBXFrameworksBuildPhase;
			buildActionMask = 2147483647;
			files = (
			);
			runOnlyForDeploymentPostprocessing = 0;
		};
/* End PBXFrameworksBuildPhase section */

/* Begin PBXGroup section */
		A304E3931D6D09E60075EA31 = {
			isa = PBXGroup;
			children = (
				A304E39E1D6D09E60075EA31 /* PizzaCreator */,
				A304E39D1D6D09E60075EA31 /* Products */,
			);
			sourceTree = "<group>";
		};
		A304E39D1D6D09E60075EA31 /* Products */ = {
			isa = PBXGroup;
			children = (
				A304E39C1D6D09E60075EA31 /* PizzaCreator.app */,
			);
			name = Products;
			sourceTree = "<group>";
		};
		A304E39E1D6D09E60075EA31 /* PizzaCreator */ = {
			isa = PBXGroup;
			children = (
				A304E39F1D6D09E60075EA31 /* AppDelegate.swift */,
				A304E3A11D6D09E60075EA31 /* ViewController.swift */,
				A304E3B11D6D0E6E0075EA31 /* UIButton_Border.swift */,
				A304E3C31D6E53F70075EA31 /* UIViewController+Alert.swift */,
				A304E3B31D6D17DB0075EA31 /* TamanoViewController.swift */,
				A304E3B51D6D17E70075EA31 /* MasaViewController.swift */,
				A304E3B71D6D17F60075EA31 /* QuesoViewController.swift */,
				A304E3B91D6D18020075EA31 /* IngredientesViewController.swift */,
				A304E3BB1D6DEBCF0075EA31 /* TerminarViewController.swift */,
				A304E3A31D6D09E60075EA31 /* Main.storyboard */,
				A304E3A61D6D09E60075EA31 /* Assets.xcassets */,
				A304E3A81D6D09E60075EA31 /* LaunchScreen.storyboard */,
				A304E3AB1D6D09E60075EA31 /* Info.plist */,
			);
			path = PizzaCreator;
			sourceTree = "<group>";
		};
/* End PBXGroup section */

/* Begin PBXNativeTarget section */
		A304E39B1D6D09E60075EA31 /* PizzaCreator */ = {
			isa = PBXNativeTarget;
			buildConfigurationList = A304E3AE1D6D09E60075EA31 /* Build configuration list for PBXNativeTarget "PizzaCreator" */;
			buildPhases = (
				A304E3981D6D09E60075EA31 /* Sources */,
				A304E3991D6D09E60075EA31 /* Frameworks */,
				A304E39A1D6D09E60075EA31 /* Resources */,
			);
			buildRules = (
			);
			dependencies = (
			);
			name = PizzaCreator;
			productName = PizzaCreator;
			productReference = A304E39C1D6D09E60075EA31 /* PizzaCreator.app */;
			productType = "com.apple.product-type.application";
		};
/* End PBXNativeTarget section */

/* Begin PBXProject section */
		A304E3941D6D09E60075EA31 /* Project object */ = {
			isa = PBXProject;
			attributes = {
				LastSwiftUpdateCheck = 0730;
				LastUpgradeCheck = 0730;
				ORGANIZATIONNAME = "Dani Mangtani Madani";
				TargetAttributes = {
					A304E39B1D6D09E60075EA31 = {
						CreatedOnToolsVersion = 7.3.1;
						DevelopmentTeam = U7QP74VVPV;
					};
				};
			};
			buildConfigurationList = A304E3971D6D09E60075EA31 /* Build configuration list for PBXProject "PizzaCreator" */;
			compatibilityVersion = "Xcode 3.2";
			developmentRegion = English;
			hasScannedForEncodings = 0;
			knownRegions = (
				en,
				Base,
			);
			mainGroup = A304E3931D6D09E60075EA31;
			productRefGroup = A304E39D1D6D09E60075EA31 /* Products */;
			projectDirPath = "";
			projectRoot = "";
			targets = (
				A304E39B1D6D09E60075EA31 /* PizzaCreator */,
			);
		};
/* End PBXProject section */

/* Begin PBXResourcesBuildPhase section */
		A304E39A1D6D09E60075EA31 /* Resources */ = {
			isa = PBXResourcesBuildPhase;
			buildActionMask = 2147483647;
			files = (
				A304E3AA1D6D09E60075EA31 /* LaunchScreen.storyboard in Resources */,
				A304E3A71D6D09E60075EA31 /* Assets.xcassets in Resources */,
				A304E3A51D6D09E60075EA31 /* Main.storyboard in Resources */,
			);
			runOnlyForDeploymentPostprocessing = 0;
		};
/* End PBXResourcesBuildPhase section */

/* Begin PBXSourcesBuildPhase section */
		A304E3981D6D09E60075EA31 /* Sources */ = {
			isa = PBXSourcesBuildPhase;
			buildActionMask = 2147483647;
			files = (
				A304E3C41D6E53F70075EA31 /* UIViewController+Alert.swift in Sources */,
				A304E3BC1D6DEBCF0075EA31 /* TerminarViewController.swift in Sources */,
				A304E3B41D6D17DB0075EA31 /* TamanoViewController.swift in Sources */,
				A304E3B21D6D0E6E0075EA31 /* UIButton_Border.swift in Sources */,
				A304E3B81D6D17F60075EA31 /* QuesoViewController.swift in Sources */,
				A304E3B61D6D17E70075EA31 /* MasaViewController.swift in Sources */,
				A304E3A21D6D09E60075EA31 /* ViewController.swift in Sources */,
				A304E3BA1D6D18020075EA31 /* IngredientesViewController.swift in Sources */,
				A304E3A01D6D09E60075EA31 /* AppDelegate.swift in Sources */,
			);
			runOnlyForDeploymentPostprocessing = 0;
		};
/* End PBXSourcesBuildPhase section */

/* Begin PBXVariantGroup section */
		A304E3A31D6D09E60075EA31 /* Main.storyboard */ = {
			isa = PBXVariantGroup;
			children = (
				A304E3A41D6D09E60075EA31 /* Base */,
			);
			name = Main.storyboard;
			sourceTree = "<group>";
		};
		A304E3A81D6D09E60075EA31 /* LaunchScreen.storyboard */ = {
			isa = PBXVariantGroup;
			children = (
				A304E3A91D6D09E60075EA31 /* Base */,
			);
			name = LaunchScreen.storyboard;
			sourceTree = "<group>";
		};
/* End PBXVariantGroup section */

/* Begin XCBuildConfiguration section */
		A304E3AC1D6D09E60075EA31 /* Debug */ = {
			isa = XCBuildConfiguration;
			buildSettings = {
				ALWAYS_SEARCH_USER_PATHS = NO;
				CLANG_ANALYZER_NONNULL = YES;
				CLANG_CXX_LANGUAGE_STANDARD = "gnu++0x";
				CLANG_CXX_LIBRARY = "libc++";
				CLANG_ENABLE_MODULES = YES;
				CLANG_ENABLE_OBJC_ARC = YES;
				CLANG_WARN_BOOL_CONVERSION = YES;
				CLANG_WARN_CONSTANT_CONVERSION = YES;
				CLANG_WARN_DIRECT_OBJC_ISA_USAGE = YES_ERROR;
				CLANG_WARN_EMPTY_BODY = YES;
				CLANG_WARN_ENUM_CONVERSION = YES;
				CLANG_WARN_INT_CONVERSION = YES;
				CLANG_WARN_OBJC_ROOT_CLASS = YES_ERROR;
				CLANG_WARN_UNREACHABLE_CODE = YES;
				CLANG_WARN__DUPLICATE_METHOD_MATCH = YES;
				"CODE_SIGN_IDENTITY[sdk=iphoneos*]" = "iPhone Developer";
				COPY_PHASE_STRIP = NO;
				DEBUG_INFORMATION_FORMAT = dwarf;
				ENABLE_STRICT_OBJC_MSGSEND = YES;
				ENABLE_TESTABILITY = YES;
				GCC_C_LANGUAGE_STANDARD = gnu99;
				GCC_DYNAMIC_NO_PIC = NO;
				GCC_NO_COMMON_BLOCKS = YES;
				GCC_OPTIMIZATION_LEVEL = 0;
				GCC_PREPROCESSOR_DEFINITIONS = (
					"DEBUG=1",
					"$(inherited)",
				);
				GCC_WARN_64_TO_32_BIT_CONVERSION = YES;
				GCC_WARN_ABOUT_RETURN_TYPE = YES_ERROR;
				GCC_WARN_UNDECLARED_SELECTOR = YES;
				GCC_WARN_UNINITIALIZED_AUTOS = YES_AGGRESSIVE;
				GCC_WARN_UNUSED_FUNCTION = YES;
				GCC_WARN_UNUSED_VARIABLE = YES;
				IPHONEOS_DEPLOYMENT_TARGET = 9.3;
				MTL_ENABLE_DEBUG_INFO = YES;
				ONLY_ACTIVE_ARCH = YES;
				SDKROOT = iphoneos;
				SWIFT_OPTIMIZATION_LEVEL = "-Onone";
				TARGETED_DEVICE_FAMILY = "1,2";
			};
			name = Debug;
		};
		A304E3AD1D6D09E60075EA31 /* Release */ = {
			isa = XCBuildConfiguration;
			buildSettings = {
				ALWAYS_SEARCH_USER_PATHS = NO;
				CLANG_ANALYZER_NONNULL = YES;
				CLANG_CXX_LANGUAGE_STANDARD = "gnu++0x";
				CLANG_CXX_LIBRARY = "libc++";
				CLANG_ENABLE_MODULES = YES;
				CLANG_ENABLE_OBJC_ARC = YES;
				CLANG_WARN_BOOL_CONVERSION = YES;
				CLANG_WARN_CONSTANT_CONVERSION = YES;
				CLANG_WARN_DIRECT_OBJC_ISA_USAGE = YES_ERROR;
				CLANG_WARN_EMPTY_BODY = YES;
				CLANG_WARN_ENUM_CONVERSION = YES;
				CLANG_WARN_INT_CONVERSION = YES;
				CLANG_WARN_OBJC_ROOT_CLASS = YES_ERROR;
				CLANG_WARN_UNREACHABLE_CODE = YES;
				CLANG_WARN__DUPLICATE_METHOD_MATCH = YES;
				"CODE_SIGN_IDENTITY[sdk=iphoneos*]" = "iPhone Developer";
				COPY_PHASE_STRIP = NO;
				DEBUG_INFORMATION_FORMAT = "dwarf-with-dsym";
				ENABLE_NS_ASSERTIONS = NO;
				ENABLE_STRICT_OBJC_MSGSEND = YES;
				GCC_C_LANGUAGE_STANDARD = gnu99;
				GCC_NO_COMMON_BLOCKS = YES;
				GCC_WARN_64_TO_32_BIT_CONVERSION = YES;
				GCC_WARN_ABOUT_RETURN_TYPE = YES_ERROR;
				GCC_WARN_UNDECLARED_SELECTOR = YES;
				GCC_WARN_UNINITIALIZED_AUTOS = YES_AGGRESSIVE;
				GCC_WARN_UNUSED_FUNCTION = YES;
				GCC_WARN_UNUSED_VARIABLE = YES;
				IPHONEOS_DEPLOYMENT_TARGET = 9.3;
				MTL_ENABLE_DEBUG_INFO = NO;
				SDKROOT = iphoneos;
				TARGETED_DEVICE_FAMILY = "1,2";
				VALIDATE_PRODUCT = YES;
			};
			name = Release;
		};
		A304E3AF1D6D09E60075EA31 /* Debug */ = {
			isa = XCBuildConfiguration;
			buildSettings = {
				ASSETCATALOG_COMPILER_APPICON_NAME = AppIcon;
				INFOPLIST_FILE = PizzaCreator/Info.plist;
				LD_RUNPATH_SEARCH_PATHS = "$(inherited) @executable_path/Frameworks";
				PRODUCT_BUNDLE_IDENTIFIER = com.dani.PizzaCreator;
				PRODUCT_NAME = "$(TARGET_NAME)";
			};
			name = Debug;
		};
		A304E3B01D6D09E60075EA31 /* Release */ = {
			isa = XCBuildConfiguration;
			buildSettings = {
				ASSETCATALOG_COMPILER_APPICON_NAME = AppIcon;
				INFOPLIST_FILE = PizzaCreator/Info.plist;
				LD_RUNPATH_SEARCH_PATHS = "$(inherited) @executable_path/Frameworks";
				PRODUCT_BUNDLE_IDENTIFIER = com.dani.PizzaCreator;
				PRODUCT_NAME = "$(TARGET_NAME)";
			};
			name = Release;
		};
/* End XCBuildConfiguration section */

/* Begin XCConfigurationList section */
		A304E3971D6D09E60075EA31 /* Build configuration list for PBXProject "PizzaCreator" */ = {
			isa = XCConfigurationList;
			buildConfigurations = (
				A304E3AC1D6D09E60075EA31 /* Debug */,
				A304E3AD1D6D09E60075EA31 /* Release */,
			);
			defaultConfigurationIsVisible = 0;
			defaultConfigurationName = Release;
		};
		A304E3AE1D6D09E60075EA31 /* Build configuration list for PBXNativeTarget "PizzaCreator" */ = {
			isa = XCConfigurationList;
			buildConfigurations = (
				A304E3AF1D6D09E60075EA31 /* Debug */,
				A304E3B01D6D09E60075EA31 /* Release */,
			);
			defaultConfigurationIsVisible = 0;
		};
/* End XCConfigurationList section */
	};
	rootObject = A304E3941D6D09E60075EA31 /* Project object */;
}
